
Microsoft Visual Studio Solution File, Format Version 12.00
# Visual Studio Version 16
VisualStudioVersion = 16.0.28803.352
MinimumVisualStudioVersion = 10.0.40219.1
Project("{8BC9CEB8-8B4A-11D0-8D11-00A0C91BC942}") = "TestDllRMG", "TestDllRMG.vcxproj", "{A912CFE6-60EA-402D-ACAA-A2B1CA4A6A81}"
	ProjectSection(ProjectDependencies) = postProject
		{0C1AF945-76EA-4048-8BD7-A634BC6BB718} = {0C1AF945-76EA-4048-8BD7-A634BC6BB718}
		{F3054BC4-DCB2-4B68-996F-58F338717D5D} = {F3054BC4-DCB2-4B68-996F-58F338717D5D}
	EndProjectSection
EndProject
Project("{8BC9CEB8-8B4A-11D0-8D11-00A0C91BC942}") = "UsefullF", "..\..\gas\SCADA\gasscada\Drivers\DevProcessor\GazPriborDrv\GazPriborDrv.vcxproj", "{0C1AF945-76EA-4048-8BD7-A634BC6BB718}"
EndProject
Project("{8BC9CEB8-8B4A-11D0-8D11-00A0C91BC942}") = "TCP_C", "..\..\gas\SCADA\gasscada\Drivers\TCP_C\TCP_C.vcxproj", "{AF21604F-3629-49A8-BF40-C51D515B0CCB}"
EndProject
Project("{8BC9CEB8-8B4A-11D0-8D11-00A0C91BC942}") = "lib_json", "..\..\gas\SCADA\gasscada\Drivers\JsonCpp\jsoncpp-src-0.5.0\makefiles\vs71\lib_json.vcxproj", "{B84F7231-16CE-41D8-8C08-7B523FF4225B}"
EndProject
Project("{8BC9CEB8-8B4A-11D0-8D11-00A0C91BC942}") = "GeneralR", "..\..\gas\SCADA\gasscada\Drivers\RmgPriborDrv\RmgPriborDrv.vcxproj", "{9AC3849B-783D-45A6-8954-1CD79A4E8928}"
EndProject
Project("{8BC9CEB8-8B4A-11D0-8D11-00A0C91BC942}") = "Logs_C", "..\..\gas\SCADA\gasscada\Drivers\Logs\Logs_C.vcxproj", "{F3054BC4-DCB2-4B68-996F-58F338717D5D}"
EndProject
Project("{9A19103F-16F7-4668-BE54-9A1E7A4F7556}") = "TestThreadTask", "..\TestThreadTask\TestThreadTask.csproj", "{7DBF7D49-B6C9-42AC-9737-BAF2918E3BC9}"
EndProject
Project("{FAE04EC0-301F-11D3-BF4B-00C04F79EFBC}") = "ZipByCppLog", "..\..\gas\SCADA\gasscada\Drivers\ZipByCppLog\ZipByCppLog.csproj", "{CE656EF0-C0D5-4150-A803-7E793E17DA28}"
EndProject
Global
	GlobalSection(SolutionConfigurationPlatforms) = preSolution
		Debug|Any CPU = Debug|Any CPU
		Debug|x64 = Debug|x64
		Debug|x86 = Debug|x86
		dummy|Any CPU = dummy|Any CPU
		dummy|x64 = dummy|x64
		dummy|x86 = dummy|x86
		Release|Any CPU = Release|Any CPU
		Release|x64 = Release|x64
		Release|x86 = Release|x86
	EndGlobalSection
	GlobalSection(ProjectConfigurationPlatforms) = postSolution
		{A912CFE6-60EA-402D-ACAA-A2B1CA4A6A81}.Debug|Any CPU.ActiveCfg = Debug|x64
		{A912CFE6-60EA-402D-ACAA-A2B1CA4A6A81}.Debug|x64.ActiveCfg = Debug|x64
		{A912CFE6-60EA-402D-ACAA-A2B1CA4A6A81}.Debug|x64.Build.0 = Debug|x64
		{A912CFE6-60EA-402D-ACAA-A2B1CA4A6A81}.Debug|x86.ActiveCfg = Debug|Win32
		{A912CFE6-60EA-402D-ACAA-A2B1CA4A6A81}.Debug|x86.Build.0 = Debug|Win32
		{A912CFE6-60EA-402D-ACAA-A2B1CA4A6A81}.dummy|Any CPU.ActiveCfg = Release|x64
		{A912CFE6-60EA-402D-ACAA-A2B1CA4A6A81}.dummy|Any CPU.Build.0 = Release|x64
		{A912CFE6-60EA-402D-ACAA-A2B1CA4A6A81}.dummy|x64.ActiveCfg = Debug|x64
		{A912CFE6-60EA-402D-ACAA-A2B1CA4A6A81}.dummy|x64.Build.0 = Debug|x64
		{A912CFE6-60EA-402D-ACAA-A2B1CA4A6A81}.dummy|x86.ActiveCfg = Debug|Win32
		{A912CFE6-60EA-402D-ACAA-A2B1CA4A6A81}.dummy|x86.Build.0 = Debug|Win32
		{A912CFE6-60EA-402D-ACAA-A2B1CA4A6A81}.Release|Any CPU.ActiveCfg = Release|x64
		{A912CFE6-60EA-402D-ACAA-A2B1CA4A6A81}.Release|Any CPU.Build.0 = Release|x64
		{A912CFE6-60EA-402D-ACAA-A2B1CA4A6A81}.Release|x64.ActiveCfg = Release|x64
		{A912CFE6-60EA-402D-ACAA-A2B1CA4A6A81}.Release|x64.Build.0 = Release|x64
		{A912CFE6-60EA-402D-ACAA-A2B1CA4A6A81}.Release|x86.ActiveCfg = Release|Win32
		{A912CFE6-60EA-402D-ACAA-A2B1CA4A6A81}.Release|x86.Build.0 = Release|Win32
		{0C1AF945-76EA-4048-8BD7-A634BC6BB718}.Debug|Any CPU.ActiveCfg = Debug|x64
		{0C1AF945-76EA-4048-8BD7-A634BC6BB718}.Debug|x64.ActiveCfg = Debug|x64
		{0C1AF945-76EA-4048-8BD7-A634BC6BB718}.Debug|x64.Build.0 = Debug|x64
		{0C1AF945-76EA-4048-8BD7-A634BC6BB718}.Debug|x86.ActiveCfg = Debug|Win32
		{0C1AF945-76EA-4048-8BD7-A634BC6BB718}.Debug|x86.Build.0 = Debug|Win32
		{0C1AF945-76EA-4048-8BD7-A634BC6BB718}.dummy|Any CPU.ActiveCfg = Release|x64
		{0C1AF945-76EA-4048-8BD7-A634BC6BB718}.dummy|Any CPU.Build.0 = Release|x64
		{0C1AF945-76EA-4048-8BD7-A634BC6BB718}.dummy|x64.ActiveCfg = Debug|x64
		{0C1AF945-76EA-4048-8BD7-A634BC6BB718}.dummy|x64.Build.0 = Debug|x64
		{0C1AF945-76EA-4048-8BD7-A634BC6BB718}.dummy|x86.ActiveCfg = Debug|Win32
		{0C1AF945-76EA-4048-8BD7-A634BC6BB718}.dummy|x86.Build.0 = Debug|Win32
		{0C1AF945-76EA-4048-8BD7-A634BC6BB718}.Release|Any CPU.ActiveCfg = Release|x64
		{0C1AF945-76EA-4048-8BD7-A634BC6BB718}.Release|x64.ActiveCfg = Release|x64
		{0C1AF945-76EA-4048-8BD7-A634BC6BB718}.Release|x64.Build.0 = Release|x64
		{0C1AF945-76EA-4048-8BD7-A634BC6BB718}.Release|x86.ActiveCfg = Release|Win32
		{0C1AF945-76EA-4048-8BD7-A634BC6BB718}.Release|x86.Build.0 = Release|Win32
		{AF21604F-3629-49A8-BF40-C51D515B0CCB}.Debug|Any CPU.ActiveCfg = Debug|x64
		{AF21604F-3629-49A8-BF40-C51D515B0CCB}.Debug|x64.ActiveCfg = Debug|x64
		{AF21604F-3629-49A8-BF40-C51D515B0CCB}.Debug|x64.Build.0 = Debug|x64
		{AF21604F-3629-49A8-BF40-C51D515B0CCB}.Debug|x86.ActiveCfg = Debug|Win32
		{AF21604F-3629-49A8-BF40-C51D515B0CCB}.Debug|x86.Build.0 = Debug|Win32
		{AF21604F-3629-49A8-BF40-C51D515B0CCB}.dummy|Any CPU.ActiveCfg = Release|x64
		{AF21604F-3629-49A8-BF40-C51D515B0CCB}.dummy|Any CPU.Build.0 = Release|x64
		{AF21604F-3629-49A8-BF40-C51D515B0CCB}.dummy|x64.ActiveCfg = Debug|x64
		{AF21604F-3629-49A8-BF40-C51D515B0CCB}.dummy|x64.Build.0 = Debug|x64
		{AF21604F-3629-49A8-BF40-C51D515B0CCB}.dummy|x86.ActiveCfg = Debug|Win32
		{AF21604F-3629-49A8-BF40-C51D515B0CCB}.dummy|x86.Build.0 = Debug|Win32
		{AF21604F-3629-49A8-BF40-C51D515B0CCB}.Release|Any CPU.ActiveCfg = Release|x64
		{AF21604F-3629-49A8-BF40-C51D515B0CCB}.Release|x64.ActiveCfg = Release|x64
		{AF21604F-3629-49A8-BF40-C51D515B0CCB}.Release|x64.Build.0 = Release|x64
		{AF21604F-3629-49A8-BF40-C51D515B0CCB}.Release|x86.ActiveCfg = Release|Win32
		{AF21604F-3629-49A8-BF40-C51D515B0CCB}.Release|x86.Build.0 = Release|Win32
		{B84F7231-16CE-41D8-8C08-7B523FF4225B}.Debug|Any CPU.ActiveCfg = Debug|x64
		{B84F7231-16CE-41D8-8C08-7B523FF4225B}.Debug|x64.ActiveCfg = Debug|Win32
		{B84F7231-16CE-41D8-8C08-7B523FF4225B}.Debug|x86.ActiveCfg = Debug|Win32
		{B84F7231-16CE-41D8-8C08-7B523FF4225B}.Debug|x86.Build.0 = Debug|Win32
		{B84F7231-16CE-41D8-8C08-7B523FF4225B}.dummy|Any CPU.ActiveCfg = dummy|Win32
		{B84F7231-16CE-41D8-8C08-7B523FF4225B}.dummy|x64.ActiveCfg = dummy|Win32
		{B84F7231-16CE-41D8-8C08-7B523FF4225B}.dummy|x86.ActiveCfg = dummy|Win32
		{B84F7231-16CE-41D8-8C08-7B523FF4225B}.dummy|x86.Build.0 = dummy|Win32
		{B84F7231-16CE-41D8-8C08-7B523FF4225B}.Release|Any CPU.ActiveCfg = Release|x64
		{B84F7231-16CE-41D8-8C08-7B523FF4225B}.Release|x64.ActiveCfg = Release|Win32
		{B84F7231-16CE-41D8-8C08-7B523FF4225B}.Release|x86.ActiveCfg = Release|Win32
		{B84F7231-16CE-41D8-8C08-7B523FF4225B}.Release|x86.Build.0 = Release|Win32
		{9AC3849B-783D-45A6-8954-1CD79A4E8928}.Debug|Any CPU.ActiveCfg = Debug|x64
		{9AC3849B-783D-45A6-8954-1CD79A4E8928}.Debug|x64.ActiveCfg = Debug|x64
		{9AC3849B-783D-45A6-8954-1CD79A4E8928}.Debug|x64.Build.0 = Debug|x64
		{9AC3849B-783D-45A6-8954-1CD79A4E8928}.Debug|x86.ActiveCfg = Debug|Win32
		{9AC3849B-783D-45A6-8954-1CD79A4E8928}.Debug|x86.Build.0 = Debug|Win32
		{9AC3849B-783D-45A6-8954-1CD79A4E8928}.dummy|Any CPU.ActiveCfg = Release|x64
		{9AC3849B-783D-45A6-8954-1CD79A4E8928}.dummy|Any CPU.Build.0 = Release|x64
		{9AC3849B-783D-45A6-8954-1CD79A4E8928}.dummy|x64.ActiveCfg = Debug|x64
		{9AC3849B-783D-45A6-8954-1CD79A4E8928}.dummy|x64.Build.0 = Debug|x64
		{9AC3849B-783D-45A6-8954-1CD79A4E8928}.dummy|x86.ActiveCfg = Debug|Win32
		{9AC3849B-783D-45A6-8954-1CD79A4E8928}.dummy|x86.Build.0 = Debug|Win32
		{9AC3849B-783D-45A6-8954-1CD79A4E8928}.Release|Any CPU.ActiveCfg = Release|x64
		{9AC3849B-783D-45A6-8954-1CD79A4E8928}.Release|x64.ActiveCfg = Release|x64
		{9AC3849B-783D-45A6-8954-1CD79A4E8928}.Release|x64.Build.0 = Release|x64
		{9AC3849B-783D-45A6-8954-1CD79A4E8928}.Release|x86.ActiveCfg = Release|Win32
		{9AC3849B-783D-45A6-8954-1CD79A4E8928}.Release|x86.Build.0 = Release|Win32
		{F3054BC4-DCB2-4B68-996F-58F338717D5D}.Debug|Any CPU.ActiveCfg = Debug|x64
		{F3054BC4-DCB2-4B68-996F-58F338717D5D}.Debug|x64.ActiveCfg = Debug|x64
		{F3054BC4-DCB2-4B68-996F-58F338717D5D}.Debug|x64.Build.0 = Debug|x64
		{F3054BC4-DCB2-4B68-996F-58F338717D5D}.Debug|x86.ActiveCfg = Debug|Win32
		{F3054BC4-DCB2-4B68-996F-58F338717D5D}.Debug|x86.Build.0 = Debug|Win32
		{F3054BC4-DCB2-4B68-996F-58F338717D5D}.dummy|Any CPU.ActiveCfg = Release|x64
		{F3054BC4-DCB2-4B68-996F-58F338717D5D}.dummy|Any CPU.Build.0 = Release|x64
		{F3054BC4-DCB2-4B68-996F-58F338717D5D}.dummy|x64.ActiveCfg = Debug|x64
		{F3054BC4-DCB2-4B68-996F-58F338717D5D}.dummy|x64.Build.0 = Debug|x64
		{F3054BC4-DCB2-4B68-996F-58F338717D5D}.dummy|x86.ActiveCfg = Debug|Win32
		{F3054BC4-DCB2-4B68-996F-58F338717D5D}.dummy|x86.Build.0 = Debug|Win32
		{F3054BC4-DCB2-4B68-996F-58F338717D5D}.Release|Any CPU.ActiveCfg = Release|x64
		{F3054BC4-DCB2-4B68-996F-58F338717D5D}.Release|x64.ActiveCfg = Release|x64
		{F3054BC4-DCB2-4B68-996F-58F338717D5D}.Release|x64.Build.0 = Release|x64
		{F3054BC4-DCB2-4B68-996F-58F338717D5D}.Release|x86.ActiveCfg = Release|Win32
		{F3054BC4-DCB2-4B68-996F-58F338717D5D}.Release|x86.Build.0 = Release|Win32
		{7DBF7D49-B6C9-42AC-9737-BAF2918E3BC9}.Debug|Any CPU.ActiveCfg = Debug|Any CPU
		{7DBF7D49-B6C9-42AC-9737-BAF2918E3BC9}.Debug|x64.ActiveCfg = Debug|Any CPU
		{7DBF7D49-B6C9-42AC-9737-BAF2918E3BC9}.Debug|x64.Build.0 = Debug|Any CPU
		{7DBF7D49-B6C9-42AC-9737-BAF2918E3BC9}.Debug|x86.ActiveCfg = Debug|Any CPU
		{7DBF7D49-B6C9-42AC-9737-BAF2918E3BC9}.Debug|x86.Build.0 = Debug|Any CPU
		{7DBF7D49-B6C9-42AC-9737-BAF2918E3BC9}.dummy|Any CPU.ActiveCfg = Debug|Any CPU
		{7DBF7D49-B6C9-42AC-9737-BAF2918E3BC9}.dummy|Any CPU.Build.0 = Debug|Any CPU
		{7DBF7D49-B6C9-42AC-9737-BAF2918E3BC9}.dummy|x64.ActiveCfg = Debug|Any CPU
		{7DBF7D49-B6C9-42AC-9737-BAF2918E3BC9}.dummy|x64.Build.0 = Debug|Any CPU
		{7DBF7D49-B6C9-42AC-9737-BAF2918E3BC9}.dummy|x86.ActiveCfg = Debug|Any CPU
		{7DBF7D49-B6C9-42AC-9737-BAF2918E3BC9}.dummy|x86.Build.0 = Debug|Any CPU
		{7DBF7D49-B6C9-42AC-9737-BAF2918E3BC9}.Release|Any CPU.ActiveCfg = Release|Any CPU
		{7DBF7D49-B6C9-42AC-9737-BAF2918E3BC9}.Release|x64.ActiveCfg = Release|Any CPU
		{7DBF7D49-B6C9-42AC-9737-BAF2918E3BC9}.Release|x64.Build.0 = Release|Any CPU
		{7DBF7D49-B6C9-42AC-9737-BAF2918E3BC9}.Release|x86.ActiveCfg = Release|Any CPU
		{7DBF7D49-B6C9-42AC-9737-BAF2918E3BC9}.Release|x86.Build.0 = Release|Any CPU
		{CE656EF0-C0D5-4150-A803-7E793E17DA28}.Debug|Any CPU.ActiveCfg = Debug|Any CPU
		{CE656EF0-C0D5-4150-A803-7E793E17DA28}.Debug|x64.ActiveCfg = Debug|Any CPU
		{CE656EF0-C0D5-4150-A803-7E793E17DA28}.Debug|x64.Build.0 = Debug|Any CPU
		{CE656EF0-C0D5-4150-A803-7E793E17DA28}.Debug|x86.ActiveCfg = Debug|Any CPU
		{CE656EF0-C0D5-4150-A803-7E793E17DA28}.Debug|x86.Build.0 = Debug|Any CPU
		{CE656EF0-C0D5-4150-A803-7E793E17DA28}.dummy|Any CPU.ActiveCfg = Debug|Any CPU
		{CE656EF0-C0D5-4150-A803-7E793E17DA28}.dummy|Any CPU.Build.0 = Debug|Any CPU
		{CE656EF0-C0D5-4150-A803-7E793E17DA28}.dummy|x64.ActiveCfg = Debug|Any CPU
		{CE656EF0-C0D5-4150-A803-7E793E17DA28}.dummy|x64.Build.0 = Debug|Any CPU
		{CE656EF0-C0D5-4150-A803-7E793E17DA28}.dummy|x86.ActiveCfg = Debug|Any CPU
		{CE656EF0-C0D5-4150-A803-7E793E17DA28}.dummy|x86.Build.0 = Debug|Any CPU
		{CE656EF0-C0D5-4150-A803-7E793E17DA28}.Release|Any CPU.ActiveCfg = Release|Any CPU
		{CE656EF0-C0D5-4150-A803-7E793E17DA28}.Release|x64.ActiveCfg = Release|Any CPU
		{CE656EF0-C0D5-4150-A803-7E793E17DA28}.Release|x64.Build.0 = Release|Any CPU
		{CE656EF0-C0D5-4150-A803-7E793E17DA28}.Release|x86.ActiveCfg = Release|Any CPU
		{CE656EF0-C0D5-4150-A803-7E793E17DA28}.Release|x86.Build.0 = Release|Any CPU
	EndGlobalSection
	GlobalSection(SolutionProperties) = preSolution
		HideSolutionNode = FALSE
	EndGlobalSection
	GlobalSection(ExtensibilityGlobals) = postSolution
		SolutionGuid = {CA810283-2BF1-46FB-89CE-3285DBB04396}
	EndGlobalSection
EndGlobal
